
Microsoft Visual Studio Solution File, Format Version 12.00
# Visual Studio Version 16
VisualStudioVersion = 16.0.808.3
MinimumVisualStudioVersion = 10.0.40219.1
Project("{FAE04EC0-301F-11D3-BF4B-00C04F79EFBC}") = "Contacts.Domain", "src\Contacts.Domain\Contacts.Domain.csproj", "{0D9FFE56-12DB-4C99-8E56-B31B4423BEBF}"
EndProject
Project("{2150E333-8FDC-42A3-9474-1A3956D46DE8}") = "tests", "tests", "{C4DBD145-4FAD-4028-AA4E-B5262B5BCC86}"
EndProject
Project("{FAE04EC0-301F-11D3-BF4B-00C04F79EFBC}") = "Contacts.UnitTests", "tests\Contacts.UnitTests\Contacts.UnitTests.csproj", "{7005B8B2-B637-4DA4-A066-F086FCCAF521}"
EndProject
Project("{FAE04EC0-301F-11D3-BF4B-00C04F79EFBC}") = "Contacts.Infrastructure", "src\Contacts.Infrastructure\Contacts.Infrastructure.csproj", "{21C5D7B5-8903-4FFD-B8EE-1B87B52A8ABC}"
EndProject
Project("{FAE04EC0-301F-11D3-BF4B-00C04F79EFBC}") = "Contacts.IntegrationTests", "tests\Contacts.IntegrationTests\Contacts.IntegrationTests.csproj", "{20CD501C-91AA-4861-AA37-321A07343A2B}"
EndProject
Global
	GlobalSection(SolutionConfigurationPlatforms) = preSolution
		Debug|Any CPU = Debug|Any CPU
		Release|Any CPU = Release|Any CPU
	EndGlobalSection
	GlobalSection(ProjectConfigurationPlatforms) = postSolution
		{0D9FFE56-12DB-4C99-8E56-B31B4423BEBF}.Debug|Any CPU.ActiveCfg = Debug|Any CPU
		{0D9FFE56-12DB-4C99-8E56-B31B4423BEBF}.Debug|Any CPU.Build.0 = Debug|Any CPU
		{0D9FFE56-12DB-4C99-8E56-B31B4423BEBF}.Release|Any CPU.ActiveCfg = Release|Any CPU
		{0D9FFE56-12DB-4C99-8E56-B31B4423BEBF}.Release|Any CPU.Build.0 = Release|Any CPU
		{7005B8B2-B637-4DA4-A066-F086FCCAF521}.Debug|Any CPU.ActiveCfg = Debug|Any CPU
		{7005B8B2-B637-4DA4-A066-F086FCCAF521}.Debug|Any CPU.Build.0 = Debug|Any CPU
		{7005B8B2-B637-4DA4-A066-F086FCCAF521}.Release|Any CPU.ActiveCfg = Release|Any CPU
		{7005B8B2-B637-4DA4-A066-F086FCCAF521}.Release|Any CPU.Build.0 = Release|Any CPU
		{21C5D7B5-8903-4FFD-B8EE-1B87B52A8ABC}.Debug|Any CPU.ActiveCfg = Debug|Any CPU
		{21C5D7B5-8903-4FFD-B8EE-1B87B52A8ABC}.Debug|Any CPU.Build.0 = Debug|Any CPU
		{21C5D7B5-8903-4FFD-B8EE-1B87B52A8ABC}.Release|Any CPU.ActiveCfg = Release|Any CPU
		{21C5D7B5-8903-4FFD-B8EE-1B87B52A8ABC}.Release|Any CPU.Build.0 = Release|Any CPU
		{20CD501C-91AA-4861-AA37-321A07343A2B}.Debug|Any CPU.ActiveCfg = Debug|Any CPU
		{20CD501C-91AA-4861-AA37-321A07343A2B}.Debug|Any CPU.Build.0 = Debug|Any CPU
		{20CD501C-91AA-4861-AA37-321A07343A2B}.Release|Any CPU.ActiveCfg = Release|Any CPU
		{20CD501C-91AA-4861-AA37-321A07343A2B}.Release|Any CPU.Build.0 = Release|Any CPU
	EndGlobalSection
	GlobalSection(SolutionProperties) = preSolution
		HideSolutionNode = FALSE
	EndGlobalSection
	GlobalSection(ExtensibilityGlobals) = postSolution
		SolutionGuid = {F18D48FC-136D-44C4-A0D8-618B78FF6F1B}
	EndGlobalSection
	GlobalSection(NestedProjects) = preSolution
		{7005B8B2-B637-4DA4-A066-F086FCCAF521} = {C4DBD145-4FAD-4028-AA4E-B5262B5BCC86}
		{20CD501C-91AA-4861-AA37-321A07343A2B} = {C4DBD145-4FAD-4028-AA4E-B5262B5BCC86}
	EndGlobalSection
EndGlobal
